
Microsoft Visual Studio Solution File, Format Version 12.00
# Visual Studio Version 16
VisualStudioVersion = 16.0.31313.79
MinimumVisualStudioVersion = 10.0.40219.1
Project("{FAE04EC0-301F-11D3-BF4B-00C04F79EFBC}") = "RepoWithValidations", "RepoWithValidations.csproj", "{B7A1764A-13D2-43AC-8021-CE85B515F68D}"
EndProject
Global
	GlobalSection(SolutionConfigurationPlatforms) = preSolution
		Debug|Any CPU = Debug|Any CPU
		Release|Any CPU = Release|Any CPU
	EndGlobalSection
	GlobalSection(ProjectConfigurationPlatforms) = postSolution
		{B7A1764A-13D2-43AC-8021-CE85B515F68D}.Debug|Any CPU.ActiveCfg = Debug|Any CPU
		{B7A1764A-13D2-43AC-8021-CE85B515F68D}.Debug|Any CPU.Build.0 = Debug|Any CPU
		{B7A1764A-13D2-43AC-8021-CE85B515F68D}.Release|Any CPU.ActiveCfg = Release|Any CPU
		{B7A1764A-13D2-43AC-8021-CE85B515F68D}.Release|Any CPU.Build.0 = Release|Any CPU
	EndGlobalSection
	GlobalSection(SolutionProperties) = preSolution
		HideSolutionNode = FALSE
	EndGlobalSection
	GlobalSection(ExtensibilityGlobals) = postSolution
		SolutionGuid = {DDCF4DB9-A056-4AF0-B8DC-EF4DC53C3DE6}
	EndGlobalSection
EndGlobal
