
Microsoft Visual Studio Solution File, Format Version 12.00
# Visual Studio Version 16
VisualStudioVersion = 16.0.31313.79
MinimumVisualStudioVersion = 10.0.40219.1
Project("{FAE04EC0-301F-11D3-BF4B-00C04F79EFBC}") = "Mid_Assignment_2", "Mid_Assignment_2.csproj", "{7F04A6D5-FB28-464B-BD71-3B1F414A8AB3}"
EndProject
Global
	GlobalSection(SolutionConfigurationPlatforms) = preSolution
		Debug|Any CPU = Debug|Any CPU
		Release|Any CPU = Release|Any CPU
	EndGlobalSection
	GlobalSection(ProjectConfigurationPlatforms) = postSolution
		{7F04A6D5-FB28-464B-BD71-3B1F414A8AB3}.Debug|Any CPU.ActiveCfg = Debug|Any CPU
		{7F04A6D5-FB28-464B-BD71-3B1F414A8AB3}.Debug|Any CPU.Build.0 = Debug|Any CPU
		{7F04A6D5-FB28-464B-BD71-3B1F414A8AB3}.Release|Any CPU.ActiveCfg = Release|Any CPU
		{7F04A6D5-FB28-464B-BD71-3B1F414A8AB3}.Release|Any CPU.Build.0 = Release|Any CPU
	EndGlobalSection
	GlobalSection(SolutionProperties) = preSolution
		HideSolutionNode = FALSE
	EndGlobalSection
	GlobalSection(ExtensibilityGlobals) = postSolution
		SolutionGuid = {79E3ED1C-B0D8-4DBC-985D-ED0596A776CE}
	EndGlobalSection
EndGlobal
