
Microsoft Visual Studio Solution File, Format Version 12.00
# Visual Studio Version 16
VisualStudioVersion = 16.0.31313.79
MinimumVisualStudioVersion = 10.0.40219.1
Project("{FAE04EC0-301F-11D3-BF4B-00C04F79EFBC}") = "Association", "Association.csproj", "{957597C3-DEB7-43B1-90DC-3C62E9016EA7}"
EndProject
Global
	GlobalSection(SolutionConfigurationPlatforms) = preSolution
		Debug|Any CPU = Debug|Any CPU
		Release|Any CPU = Release|Any CPU
	EndGlobalSection
	GlobalSection(ProjectConfigurationPlatforms) = postSolution
		{957597C3-DEB7-43B1-90DC-3C62E9016EA7}.Debug|Any CPU.ActiveCfg = Debug|Any CPU
		{957597C3-DEB7-43B1-90DC-3C62E9016EA7}.Debug|Any CPU.Build.0 = Debug|Any CPU
		{957597C3-DEB7-43B1-90DC-3C62E9016EA7}.Release|Any CPU.ActiveCfg = Release|Any CPU
		{957597C3-DEB7-43B1-90DC-3C62E9016EA7}.Release|Any CPU.Build.0 = Release|Any CPU
	EndGlobalSection
	GlobalSection(SolutionProperties) = preSolution
		HideSolutionNode = FALSE
	EndGlobalSection
	GlobalSection(ExtensibilityGlobals) = postSolution
		SolutionGuid = {2EEBC8F2-A586-4368-A873-DF1CC2F561A3}
	EndGlobalSection
EndGlobal
